
Microsoft Visual Studio Solution File, Format Version 12.00
# Visual Studio Version 17
VisualStudioVersion = 17.6.33801.468
MinimumVisualStudioVersion = 10.0.40219.1
Project("{9A19103F-16F7-4668-BE54-9A1E7A4F7556}") = "Web", "BankingWebApi\Web.csproj", "{8395A799-5732-4577-ADB8-755B4AB8CC41}"
EndProject
Project("{E53339B2-1760-4266-BCC7-CA923CBCF16C}") = "docker-compose", "docker-compose.dcproj", "{23A5AC18-0163-4B79-88A7-37BDB968FD14}"
EndProject
Project("{2150E333-8FDC-42A3-9474-1A3956D46DE8}") = "src", "src", "{99AFDAF3-5405-4152-B598-A74F89C5D24E}"
EndProject
Project("{2150E333-8FDC-42A3-9474-1A3956D46DE8}") = "tests", "tests", "{553EBC3E-CC24-46BC-A7D4-D43023F134D5}"
EndProject
Project("{9A19103F-16F7-4668-BE54-9A1E7A4F7556}") = "Application", "Application\Application.csproj", "{81F8A738-82B1-4A37-904B-E3EF3EE58FCE}"
EndProject
Project("{9A19103F-16F7-4668-BE54-9A1E7A4F7556}") = "Infrastructure", "Infrastructure\Infrastructure.csproj", "{CDD0D557-3DCF-4184-A9B2-9391E8D7F580}"
EndProject
Project("{9A19103F-16F7-4668-BE54-9A1E7A4F7556}") = "Domain", "Domain\Domain.csproj", "{CF4D7447-97AC-48F3-96B1-AE042F3CF952}"
EndProject
Project("{9A19103F-16F7-4668-BE54-9A1E7A4F7556}") = "Infrastructure.UnitTests", "..\Infrastructure.UnitTests\Infrastructure.UnitTests.csproj", "{114DB359-B1DE-4A0D-8ACD-75195916D07A}"
EndProject
Project("{9A19103F-16F7-4668-BE54-9A1E7A4F7556}") = "Application.UnitTests", "..\Application.UnitTests\Application.UnitTests.csproj", "{9498730F-201F-4CD4-A8DC-257B6F3D1873}"
EndProject
Global
	GlobalSection(SolutionConfigurationPlatforms) = preSolution
		Debug|Any CPU = Debug|Any CPU
		Release|Any CPU = Release|Any CPU
	EndGlobalSection
	GlobalSection(ProjectConfigurationPlatforms) = postSolution
		{8395A799-5732-4577-ADB8-755B4AB8CC41}.Debug|Any CPU.ActiveCfg = Debug|Any CPU
		{8395A799-5732-4577-ADB8-755B4AB8CC41}.Debug|Any CPU.Build.0 = Debug|Any CPU
		{8395A799-5732-4577-ADB8-755B4AB8CC41}.Release|Any CPU.ActiveCfg = Release|Any CPU
		{8395A799-5732-4577-ADB8-755B4AB8CC41}.Release|Any CPU.Build.0 = Release|Any CPU
		{23A5AC18-0163-4B79-88A7-37BDB968FD14}.Debug|Any CPU.ActiveCfg = Debug|Any CPU
		{23A5AC18-0163-4B79-88A7-37BDB968FD14}.Debug|Any CPU.Build.0 = Debug|Any CPU
		{23A5AC18-0163-4B79-88A7-37BDB968FD14}.Release|Any CPU.ActiveCfg = Release|Any CPU
		{23A5AC18-0163-4B79-88A7-37BDB968FD14}.Release|Any CPU.Build.0 = Release|Any CPU
		{81F8A738-82B1-4A37-904B-E3EF3EE58FCE}.Debug|Any CPU.ActiveCfg = Debug|Any CPU
		{81F8A738-82B1-4A37-904B-E3EF3EE58FCE}.Debug|Any CPU.Build.0 = Debug|Any CPU
		{81F8A738-82B1-4A37-904B-E3EF3EE58FCE}.Release|Any CPU.ActiveCfg = Release|Any CPU
		{81F8A738-82B1-4A37-904B-E3EF3EE58FCE}.Release|Any CPU.Build.0 = Release|Any CPU
		{CDD0D557-3DCF-4184-A9B2-9391E8D7F580}.Debug|Any CPU.ActiveCfg = Debug|Any CPU
		{CDD0D557-3DCF-4184-A9B2-9391E8D7F580}.Debug|Any CPU.Build.0 = Debug|Any CPU
		{CDD0D557-3DCF-4184-A9B2-9391E8D7F580}.Release|Any CPU.ActiveCfg = Release|Any CPU
		{CDD0D557-3DCF-4184-A9B2-9391E8D7F580}.Release|Any CPU.Build.0 = Release|Any CPU
		{CF4D7447-97AC-48F3-96B1-AE042F3CF952}.Debug|Any CPU.ActiveCfg = Debug|Any CPU
		{CF4D7447-97AC-48F3-96B1-AE042F3CF952}.Debug|Any CPU.Build.0 = Debug|Any CPU
		{CF4D7447-97AC-48F3-96B1-AE042F3CF952}.Release|Any CPU.ActiveCfg = Release|Any CPU
		{CF4D7447-97AC-48F3-96B1-AE042F3CF952}.Release|Any CPU.Build.0 = Release|Any CPU
		{114DB359-B1DE-4A0D-8ACD-75195916D07A}.Debug|Any CPU.ActiveCfg = Debug|Any CPU
		{114DB359-B1DE-4A0D-8ACD-75195916D07A}.Debug|Any CPU.Build.0 = Debug|Any CPU
		{114DB359-B1DE-4A0D-8ACD-75195916D07A}.Release|Any CPU.ActiveCfg = Release|Any CPU
		{114DB359-B1DE-4A0D-8ACD-75195916D07A}.Release|Any CPU.Build.0 = Release|Any CPU
		{9498730F-201F-4CD4-A8DC-257B6F3D1873}.Debug|Any CPU.ActiveCfg = Debug|Any CPU
		{9498730F-201F-4CD4-A8DC-257B6F3D1873}.Debug|Any CPU.Build.0 = Debug|Any CPU
		{9498730F-201F-4CD4-A8DC-257B6F3D1873}.Release|Any CPU.ActiveCfg = Release|Any CPU
		{9498730F-201F-4CD4-A8DC-257B6F3D1873}.Release|Any CPU.Build.0 = Release|Any CPU
	EndGlobalSection
	GlobalSection(SolutionProperties) = preSolution
		HideSolutionNode = FALSE
	EndGlobalSection
	GlobalSection(NestedProjects) = preSolution
		{8395A799-5732-4577-ADB8-755B4AB8CC41} = {99AFDAF3-5405-4152-B598-A74F89C5D24E}
		{81F8A738-82B1-4A37-904B-E3EF3EE58FCE} = {99AFDAF3-5405-4152-B598-A74F89C5D24E}
		{CDD0D557-3DCF-4184-A9B2-9391E8D7F580} = {99AFDAF3-5405-4152-B598-A74F89C5D24E}
		{CF4D7447-97AC-48F3-96B1-AE042F3CF952} = {99AFDAF3-5405-4152-B598-A74F89C5D24E}
		{114DB359-B1DE-4A0D-8ACD-75195916D07A} = {553EBC3E-CC24-46BC-A7D4-D43023F134D5}
		{9498730F-201F-4CD4-A8DC-257B6F3D1873} = {553EBC3E-CC24-46BC-A7D4-D43023F134D5}
	EndGlobalSection
	GlobalSection(ExtensibilityGlobals) = postSolution
		SolutionGuid = {8D60FA09-C774-427A-A12F-50D043EE89D0}
	EndGlobalSection
EndGlobal
